
Microsoft Visual Studio Solution File, Format Version 12.00
# Visual Studio Express 2012 for Windows Desktop
Project("{FAE04EC0-301F-11D3-BF4B-00C04F79EFBC}") = "Zubrilka2", "Zubrilka2\Zubrilka2.csproj", "{8EED1F9C-7DE0-44E4-866B-41F16135E9EF}"
EndProject
Global
	GlobalSection(SolutionConfigurationPlatforms) = preSolution
		Debug|Any CPU = Debug|Any CPU
		Release|Any CPU = Release|Any CPU
	EndGlobalSection
	GlobalSection(ProjectConfigurationPlatforms) = postSolution
		{8EED1F9C-7DE0-44E4-866B-41F16135E9EF}.Debug|Any CPU.ActiveCfg = Debug|Any CPU
		{8EED1F9C-7DE0-44E4-866B-41F16135E9EF}.Debug|Any CPU.Build.0 = Debug|Any CPU
		{8EED1F9C-7DE0-44E4-866B-41F16135E9EF}.Release|Any CPU.ActiveCfg = Release|Any CPU
		{8EED1F9C-7DE0-44E4-866B-41F16135E9EF}.Release|Any CPU.Build.0 = Release|Any CPU
	EndGlobalSection
	GlobalSection(SolutionProperties) = preSolution
		HideSolutionNode = FALSE
	EndGlobalSection
EndGlobal
